{
    "_readme": [
        "This file locks the dependencies of your project to a known state",
        "Read more about it at https://getcomposer.org/doc/01-basic-usage.md#installing-dependencies",
        "This file is @generated automatically"
    ],
    "content-hash": "9c55174bb43fc3b5e5539109edec3edc",
    "packages": [],
    "packages-dev": [
        {
            "name": "craftcms/rector",
            "version": "dev-main",
            "source": {
                "type": "git",
                "url": "https://github.com/craftcms/rector.git",
                "reference": "fab0a0ed308aa6cf59968a526f5db635103e5de1"
            },
            "dist": {
                "type": "zip",
                "url": "https://api.github.com/repos/craftcms/rector/zipball/fab0a0ed308aa6cf59968a526f5db635103e5de1",
                "reference": "fab0a0ed308aa6cf59968a526f5db635103e5de1",
                "shasum": ""
            },
            "require": {
                "rector/rector": "^1.0.0"
            },
            "require-dev": {
                "craftcms/cms": "^4.0.0|^5.0.0",
                "craftcms/ecs": "dev-main",
                "phpstan/phpstan": "^1.10",
                "phpunit/phpunit": "^9.0",
                "symfony/var-exporter": "^6.0"
            },
            "default-branch": true,
            "type": "library",
            "autoload": {
                "psr-4": {
                    "craft\\rector\\": "src"
                }
            },
            "notification-url": "https://packagist.org/downloads/",
            "description": "Rector sets to automate Craft CMS upgrades",
            "support": {
                "issues": "https://github.com/craftcms/rector/issues",
                "source": "https://github.com/craftcms/rector/tree/main"
            },
            "time": "2024-05-17T09:09:56+00:00"
        },
        {
            "name": "phpstan/phpstan",
            "version": "1.11.8",
            "source": {
                "type": "git",
                "url": "https://github.com/phpstan/phpstan.git",
                "reference": "6adbd118e6c0515dd2f36b06cde1d6da40f1b8ec"
            },
            "dist": {
                "type": "zip",
                "url": "https://api.github.com/repos/phpstan/phpstan/zipball/6adbd118e6c0515dd2f36b06cde1d6da40f1b8ec",
                "reference": "6adbd118e6c0515dd2f36b06cde1d6da40f1b8ec",
                "shasum": ""
            },
            "require": {
                "php": "^7.2|^8.0"
            },
            "conflict": {
                "phpstan/phpstan-shim": "*"
            },
            "bin": [
                "phpstan",
                "phpstan.phar"
            ],
            "type": "library",
            "autoload": {
                "files": [
                    "bootstrap.php"
                ]
            },
            "notification-url": "https://packagist.org/downloads/",
            "license": [
                "MIT"
            ],
            "description": "PHPStan - PHP Static Analysis Tool",
            "keywords": [
                "dev",
                "static analysis"
            ],
            "support": {
                "docs": "https://phpstan.org/user-guide/getting-started",
                "forum": "https://github.com/phpstan/phpstan/discussions",
                "issues": "https://github.com/phpstan/phpstan/issues",
                "security": "https://github.com/phpstan/phpstan/security/policy",
                "source": "https://github.com/phpstan/phpstan-src"
            },
            "funding": [
                {
                    "url": "https://github.com/ondrejmirtes",
                    "type": "github"
                },
                {
                    "url": "https://github.com/phpstan",
                    "type": "github"
                }
            ],
            "time": "2024-07-24T07:01:22+00:00"
        },
        {
            "name": "rector/rector",
            "version": "1.2.1",
            "source": {
                "type": "git",
                "url": "https://github.com/rectorphp/rector.git",
                "reference": "b38a3eed3ce2046f40c001255e2fec9d2746bacf"
            },
            "dist": {
                "type": "zip",
                "url": "https://api.github.com/repos/rectorphp/rector/zipball/b38a3eed3ce2046f40c001255e2fec9d2746bacf",
                "reference": "b38a3eed3ce2046f40c001255e2fec9d2746bacf",
                "shasum": ""
            },
            "require": {
                "php": "^7.2|^8.0",
                "phpstan/phpstan": "^1.11"
            },
            "conflict": {
                "rector/rector-doctrine": "*",
                "rector/rector-downgrade-php": "*",
                "rector/rector-phpunit": "*",
                "rector/rector-symfony": "*"
            },
            "suggest": {
                "ext-dom": "To manipulate phpunit.xml via the custom-rule command"
            },
            "bin": [
                "bin/rector"
            ],
            "type": "library",
            "autoload": {
                "files": [
                    "bootstrap.php"
                ]
            },
            "notification-url": "https://packagist.org/downloads/",
            "license": [
                "MIT"
            ],
            "description": "Instant Upgrade and Automated Refactoring of any PHP code",
            "keywords": [
                "automation",
                "dev",
                "migration",
                "refactoring"
            ],
            "support": {
                "issues": "https://github.com/rectorphp/rector/issues",
                "source": "https://github.com/rectorphp/rector/tree/1.2.1"
            },
            "funding": [
                {
                    "url": "https://github.com/tomasvotruba",
                    "type": "github"
                }
            ],
            "time": "2024-07-16T00:22:54+00:00"
        }
    ],
    "aliases": [],
    "minimum-stability": "stable",
    "stability-flags": {
        "craftcms/rector": 20
    },
    "prefer-stable": false,
    "prefer-lowest": false,
    "platform": [],
    "platform-dev": [],
    "plugin-api-version": "2.6.0"
}
